
Microsoft Visual Studio Solution File, Format Version 12.00
# Visual Studio Version 16
VisualStudioVersion = 16.0.31019.35
MinimumVisualStudioVersion = 10.0.40219.1
Project("{9A19103F-16F7-4668-BE54-9A1E7A4F7556}") = "SAASPlatform", "SAASPlatform\SAASPlatform.csproj", "{4B54BCC8-30EE-462A-91E4-2F849FF1EC33}"
EndProject
Project("{9A19103F-16F7-4668-BE54-9A1E7A4F7556}") = "SAASPersistence", "SAASPersistence\SAASPersistence.csproj", "{11455527-B8CB-4A5A-B349-3668EF0C7B1D}"
EndProject
Project("{9A19103F-16F7-4668-BE54-9A1E7A4F7556}") = "SAASDomain", "SAASDomain\SAASDomain.csproj", "{3AF26760-C692-4205-B5B6-11823DD6B8D1}"
EndProject
Project("{9A19103F-16F7-4668-BE54-9A1E7A4F7556}") = "SAASLogic", "SAASLogic\SAASLogic.csproj", "{9F1EFF95-B278-4838-BE8F-EBD50A6CDD49}"
EndProject
Project("{9A19103F-16F7-4668-BE54-9A1E7A4F7556}") = "SAASTests", "SAASTests\SAASTests.csproj", "{14D7DD4B-DDF8-4B62-8DE0-E1FC61173F07}"
EndProject
Global
	GlobalSection(SolutionConfigurationPlatforms) = preSolution
		Debug|Any CPU = Debug|Any CPU
		Release|Any CPU = Release|Any CPU
	EndGlobalSection
	GlobalSection(ProjectConfigurationPlatforms) = postSolution
		{4B54BCC8-30EE-462A-91E4-2F849FF1EC33}.Debug|Any CPU.ActiveCfg = Debug|Any CPU
		{4B54BCC8-30EE-462A-91E4-2F849FF1EC33}.Debug|Any CPU.Build.0 = Debug|Any CPU
		{4B54BCC8-30EE-462A-91E4-2F849FF1EC33}.Release|Any CPU.ActiveCfg = Release|Any CPU
		{4B54BCC8-30EE-462A-91E4-2F849FF1EC33}.Release|Any CPU.Build.0 = Release|Any CPU
		{11455527-B8CB-4A5A-B349-3668EF0C7B1D}.Debug|Any CPU.ActiveCfg = Debug|Any CPU
		{11455527-B8CB-4A5A-B349-3668EF0C7B1D}.Debug|Any CPU.Build.0 = Debug|Any CPU
		{11455527-B8CB-4A5A-B349-3668EF0C7B1D}.Release|Any CPU.ActiveCfg = Release|Any CPU
		{11455527-B8CB-4A5A-B349-3668EF0C7B1D}.Release|Any CPU.Build.0 = Release|Any CPU
		{3AF26760-C692-4205-B5B6-11823DD6B8D1}.Debug|Any CPU.ActiveCfg = Debug|Any CPU
		{3AF26760-C692-4205-B5B6-11823DD6B8D1}.Debug|Any CPU.Build.0 = Debug|Any CPU
		{3AF26760-C692-4205-B5B6-11823DD6B8D1}.Release|Any CPU.ActiveCfg = Release|Any CPU
		{3AF26760-C692-4205-B5B6-11823DD6B8D1}.Release|Any CPU.Build.0 = Release|Any CPU
		{9F1EFF95-B278-4838-BE8F-EBD50A6CDD49}.Debug|Any CPU.ActiveCfg = Debug|Any CPU
		{9F1EFF95-B278-4838-BE8F-EBD50A6CDD49}.Debug|Any CPU.Build.0 = Debug|Any CPU
		{9F1EFF95-B278-4838-BE8F-EBD50A6CDD49}.Release|Any CPU.ActiveCfg = Release|Any CPU
		{9F1EFF95-B278-4838-BE8F-EBD50A6CDD49}.Release|Any CPU.Build.0 = Release|Any CPU
		{14D7DD4B-DDF8-4B62-8DE0-E1FC61173F07}.Debug|Any CPU.ActiveCfg = Debug|Any CPU
		{14D7DD4B-DDF8-4B62-8DE0-E1FC61173F07}.Debug|Any CPU.Build.0 = Debug|Any CPU
		{14D7DD4B-DDF8-4B62-8DE0-E1FC61173F07}.Release|Any CPU.ActiveCfg = Release|Any CPU
		{14D7DD4B-DDF8-4B62-8DE0-E1FC61173F07}.Release|Any CPU.Build.0 = Release|Any CPU
	EndGlobalSection
	GlobalSection(SolutionProperties) = preSolution
		HideSolutionNode = FALSE
	EndGlobalSection
	GlobalSection(ExtensibilityGlobals) = postSolution
		SolutionGuid = {E45BA324-C27D-47DF-97D4-C941CD4A1D5D}
	EndGlobalSection
EndGlobal
